
Microsoft Visual Studio Solution File, Format Version 12.00
# Visual Studio Version 16
VisualStudioVersion = 16.0.28729.10
MinimumVisualStudioVersion = 10.0.40219.1
Project("{FAE04EC0-301F-11D3-BF4B-00C04F79EFBC}") = "Arma.Studio", "Arma.Studio\Arma.Studio.csproj", "{AF109F5B-F448-4EAD-902C-58D9BCAD762F}"
EndProject
Project("{FAE04EC0-301F-11D3-BF4B-00C04F79EFBC}") = "Arma.Studio.Data", "Arma.Studio.Data\Arma.Studio.Data.csproj", "{05A55F19-86EE-46A1-875A-15BBFE31A4AB}"
EndProject
Project("{FAE04EC0-301F-11D3-BF4B-00C04F79EFBC}") = "Arma.Studio.UiEditor", "Arma.Studio.UiEditor\Arma.Studio.UiEditor.csproj", "{33E151CC-B3EC-4636-8971-927A1BF595B8}"
EndProject
Project("{FAE04EC0-301F-11D3-BF4B-00C04F79EFBC}") = "Arma.Studio.SqfEditor", "Arma.Studio.SqfEditor\Arma.Studio.SqfEditor.csproj", "{964752A6-16DA-4755-8351-D2CE5FC087A6}"
EndProject
Project("{2150E333-8FDC-42A3-9474-1A3956D46DE8}") = "Plugins", "Plugins", "{094C7162-5575-4781-A174-116E78B5B04B}"
EndProject
Project("{2150E333-8FDC-42A3-9474-1A3956D46DE8}") = "Core", "Core", "{FBB77DFA-AA5F-4150-A566-A41D45E35630}"
EndProject
Project("{FAE04EC0-301F-11D3-BF4B-00C04F79EFBC}") = "Arma.Studio.SqfVmDebugger", "Arma.Studio.SqfVmDebugger\Arma.Studio.SqfVmDebugger.csproj", "{47AB922C-0AEE-4B5A-AE12-FFF3B8B3F503}"
EndProject
Project("{FAE04EC0-301F-11D3-BF4B-00C04F79EFBC}") = "Arma.Studio.SolutionExplorer", "Arma.Studio.SolutionExplorer\Arma.Studio.SolutionExplorer.csproj", "{3FD6E759-A608-461F-807A-93F9F5D2EE06}"
EndProject
Project("{FAE04EC0-301F-11D3-BF4B-00C04F79EFBC}") = "Arma.Studio.OutputWindow", "Arma.Studio.OutputWindow\Arma.Studio.OutputWindow.csproj", "{3EE8624F-1707-4F49-BF6E-1EC361C2AC7B}"
EndProject
Project("{FAE04EC0-301F-11D3-BF4B-00C04F79EFBC}") = "Arma.Studio.LocalsWindow", "Arma.Studio.LocalsWindow\Arma.Studio.LocalsWindow.csproj", "{B978950C-CB04-4F70-BF10-DDE1AE83CA05}"
EndProject
Project("{FAE04EC0-301F-11D3-BF4B-00C04F79EFBC}") = "Arma.Studio.CallstackWindow", "Arma.Studio.CallstackWindow\Arma.Studio.CallstackWindow.csproj", "{CC899ACD-E1A8-406C-AF70-22A6FE5228A0}"
EndProject
Project("{FAE04EC0-301F-11D3-BF4B-00C04F79EFBC}") = "Arma.Studio.ImmediateWindow", "Arma.Studio.ImmediateWindow\Arma.Studio.ImmediateWindow.csproj", "{5CB6E39A-BD21-4819-B2A2-5F2456B726FB}"
EndProject
Project("{FAE04EC0-301F-11D3-BF4B-00C04F79EFBC}") = "Arma.Studio.ErrorWindow", "Arma.Studio.ErrorWindow\Arma.Studio.ErrorWindow.csproj", "{19BA0777-B414-4C19-9E73-47D6B1B78AF8}"
EndProject
Project("{FAE04EC0-301F-11D3-BF4B-00C04F79EFBC}") = "Arma.Studio.PropertiesWindow", "Arma.Studio.PropertiesWindow\Arma.Studio.PropertiesWindow.csproj", "{20AD7165-2226-41E1-B0E7-50C39D652008}"
EndProject
Global
	GlobalSection(SolutionConfigurationPlatforms) = preSolution
		Debug|Any CPU = Debug|Any CPU
		Debug|x64 = Debug|x64
		Debug|x86 = Debug|x86
		Release|Any CPU = Release|Any CPU
		Release|x64 = Release|x64
		Release|x86 = Release|x86
	EndGlobalSection
	GlobalSection(ProjectConfigurationPlatforms) = postSolution
		{AF109F5B-F448-4EAD-902C-58D9BCAD762F}.Debug|Any CPU.ActiveCfg = Debug|Any CPU
		{AF109F5B-F448-4EAD-902C-58D9BCAD762F}.Debug|Any CPU.Build.0 = Debug|Any CPU
		{AF109F5B-F448-4EAD-902C-58D9BCAD762F}.Debug|x64.ActiveCfg = Debug|Any CPU
		{AF109F5B-F448-4EAD-902C-58D9BCAD762F}.Debug|x64.Build.0 = Debug|Any CPU
		{AF109F5B-F448-4EAD-902C-58D9BCAD762F}.Debug|x86.ActiveCfg = Debug|Any CPU
		{AF109F5B-F448-4EAD-902C-58D9BCAD762F}.Debug|x86.Build.0 = Debug|Any CPU
		{AF109F5B-F448-4EAD-902C-58D9BCAD762F}.Release|Any CPU.ActiveCfg = Release|Any CPU
		{AF109F5B-F448-4EAD-902C-58D9BCAD762F}.Release|Any CPU.Build.0 = Release|Any CPU
		{AF109F5B-F448-4EAD-902C-58D9BCAD762F}.Release|x64.ActiveCfg = Release|Any CPU
		{AF109F5B-F448-4EAD-902C-58D9BCAD762F}.Release|x64.Build.0 = Release|Any CPU
		{AF109F5B-F448-4EAD-902C-58D9BCAD762F}.Release|x86.ActiveCfg = Release|Any CPU
		{AF109F5B-F448-4EAD-902C-58D9BCAD762F}.Release|x86.Build.0 = Release|Any CPU
		{05A55F19-86EE-46A1-875A-15BBFE31A4AB}.Debug|Any CPU.ActiveCfg = Debug|Any CPU
		{05A55F19-86EE-46A1-875A-15BBFE31A4AB}.Debug|Any CPU.Build.0 = Debug|Any CPU
		{05A55F19-86EE-46A1-875A-15BBFE31A4AB}.Debug|x64.ActiveCfg = Debug|Any CPU
		{05A55F19-86EE-46A1-875A-15BBFE31A4AB}.Debug|x64.Build.0 = Debug|Any CPU
		{05A55F19-86EE-46A1-875A-15BBFE31A4AB}.Debug|x86.ActiveCfg = Debug|Any CPU
		{05A55F19-86EE-46A1-875A-15BBFE31A4AB}.Debug|x86.Build.0 = Debug|Any CPU
		{05A55F19-86EE-46A1-875A-15BBFE31A4AB}.Release|Any CPU.ActiveCfg = Release|Any CPU
		{05A55F19-86EE-46A1-875A-15BBFE31A4AB}.Release|Any CPU.Build.0 = Release|Any CPU
		{05A55F19-86EE-46A1-875A-15BBFE31A4AB}.Release|x64.ActiveCfg = Release|Any CPU
		{05A55F19-86EE-46A1-875A-15BBFE31A4AB}.Release|x64.Build.0 = Release|Any CPU
		{05A55F19-86EE-46A1-875A-15BBFE31A4AB}.Release|x86.ActiveCfg = Release|Any CPU
		{05A55F19-86EE-46A1-875A-15BBFE31A4AB}.Release|x86.Build.0 = Release|Any CPU
		{33E151CC-B3EC-4636-8971-927A1BF595B8}.Debug|Any CPU.ActiveCfg = Debug|Any CPU
		{33E151CC-B3EC-4636-8971-927A1BF595B8}.Debug|Any CPU.Build.0 = Debug|Any CPU
		{33E151CC-B3EC-4636-8971-927A1BF595B8}.Debug|x64.ActiveCfg = Debug|Any CPU
		{33E151CC-B3EC-4636-8971-927A1BF595B8}.Debug|x64.Build.0 = Debug|Any CPU
		{33E151CC-B3EC-4636-8971-927A1BF595B8}.Debug|x86.ActiveCfg = Debug|Any CPU
		{33E151CC-B3EC-4636-8971-927A1BF595B8}.Debug|x86.Build.0 = Debug|Any CPU
		{33E151CC-B3EC-4636-8971-927A1BF595B8}.Release|Any CPU.ActiveCfg = Release|Any CPU
		{33E151CC-B3EC-4636-8971-927A1BF595B8}.Release|Any CPU.Build.0 = Release|Any CPU
		{33E151CC-B3EC-4636-8971-927A1BF595B8}.Release|x64.ActiveCfg = Release|Any CPU
		{33E151CC-B3EC-4636-8971-927A1BF595B8}.Release|x64.Build.0 = Release|Any CPU
		{33E151CC-B3EC-4636-8971-927A1BF595B8}.Release|x86.ActiveCfg = Release|Any CPU
		{33E151CC-B3EC-4636-8971-927A1BF595B8}.Release|x86.Build.0 = Release|Any CPU
		{964752A6-16DA-4755-8351-D2CE5FC087A6}.Debug|Any CPU.ActiveCfg = Debug|Any CPU
		{964752A6-16DA-4755-8351-D2CE5FC087A6}.Debug|Any CPU.Build.0 = Debug|Any CPU
		{964752A6-16DA-4755-8351-D2CE5FC087A6}.Debug|x64.ActiveCfg = Debug|Any CPU
		{964752A6-16DA-4755-8351-D2CE5FC087A6}.Debug|x64.Build.0 = Debug|Any CPU
		{964752A6-16DA-4755-8351-D2CE5FC087A6}.Debug|x86.ActiveCfg = Debug|Any CPU
		{964752A6-16DA-4755-8351-D2CE5FC087A6}.Debug|x86.Build.0 = Debug|Any CPU
		{964752A6-16DA-4755-8351-D2CE5FC087A6}.Release|Any CPU.ActiveCfg = Release|Any CPU
		{964752A6-16DA-4755-8351-D2CE5FC087A6}.Release|Any CPU.Build.0 = Release|Any CPU
		{964752A6-16DA-4755-8351-D2CE5FC087A6}.Release|x64.ActiveCfg = Release|Any CPU
		{964752A6-16DA-4755-8351-D2CE5FC087A6}.Release|x64.Build.0 = Release|Any CPU
		{964752A6-16DA-4755-8351-D2CE5FC087A6}.Release|x86.ActiveCfg = Release|Any CPU
		{964752A6-16DA-4755-8351-D2CE5FC087A6}.Release|x86.Build.0 = Release|Any CPU
		{47AB922C-0AEE-4B5A-AE12-FFF3B8B3F503}.Debug|Any CPU.ActiveCfg = Debug|Any CPU
		{47AB922C-0AEE-4B5A-AE12-FFF3B8B3F503}.Debug|Any CPU.Build.0 = Debug|Any CPU
		{47AB922C-0AEE-4B5A-AE12-FFF3B8B3F503}.Debug|x64.ActiveCfg = Debug|Any CPU
		{47AB922C-0AEE-4B5A-AE12-FFF3B8B3F503}.Debug|x64.Build.0 = Debug|Any CPU
		{47AB922C-0AEE-4B5A-AE12-FFF3B8B3F503}.Debug|x86.ActiveCfg = Debug|Any CPU
		{47AB922C-0AEE-4B5A-AE12-FFF3B8B3F503}.Debug|x86.Build.0 = Debug|Any CPU
		{47AB922C-0AEE-4B5A-AE12-FFF3B8B3F503}.Release|Any CPU.ActiveCfg = Release|Any CPU
		{47AB922C-0AEE-4B5A-AE12-FFF3B8B3F503}.Release|Any CPU.Build.0 = Release|Any CPU
		{47AB922C-0AEE-4B5A-AE12-FFF3B8B3F503}.Release|x64.ActiveCfg = Release|Any CPU
		{47AB922C-0AEE-4B5A-AE12-FFF3B8B3F503}.Release|x64.Build.0 = Release|Any CPU
		{47AB922C-0AEE-4B5A-AE12-FFF3B8B3F503}.Release|x86.ActiveCfg = Release|Any CPU
		{47AB922C-0AEE-4B5A-AE12-FFF3B8B3F503}.Release|x86.Build.0 = Release|Any CPU
		{3FD6E759-A608-461F-807A-93F9F5D2EE06}.Debug|Any CPU.ActiveCfg = Debug|Any CPU
		{3FD6E759-A608-461F-807A-93F9F5D2EE06}.Debug|Any CPU.Build.0 = Debug|Any CPU
		{3FD6E759-A608-461F-807A-93F9F5D2EE06}.Debug|x64.ActiveCfg = Debug|Any CPU
		{3FD6E759-A608-461F-807A-93F9F5D2EE06}.Debug|x64.Build.0 = Debug|Any CPU
		{3FD6E759-A608-461F-807A-93F9F5D2EE06}.Debug|x86.ActiveCfg = Debug|Any CPU
		{3FD6E759-A608-461F-807A-93F9F5D2EE06}.Debug|x86.Build.0 = Debug|Any CPU
		{3FD6E759-A608-461F-807A-93F9F5D2EE06}.Release|Any CPU.ActiveCfg = Release|Any CPU
		{3FD6E759-A608-461F-807A-93F9F5D2EE06}.Release|Any CPU.Build.0 = Release|Any CPU
		{3FD6E759-A608-461F-807A-93F9F5D2EE06}.Release|x64.ActiveCfg = Release|Any CPU
		{3FD6E759-A608-461F-807A-93F9F5D2EE06}.Release|x64.Build.0 = Release|Any CPU
		{3FD6E759-A608-461F-807A-93F9F5D2EE06}.Release|x86.ActiveCfg = Release|Any CPU
		{3FD6E759-A608-461F-807A-93F9F5D2EE06}.Release|x86.Build.0 = Release|Any CPU
		{3EE8624F-1707-4F49-BF6E-1EC361C2AC7B}.Debug|Any CPU.ActiveCfg = Debug|Any CPU
		{3EE8624F-1707-4F49-BF6E-1EC361C2AC7B}.Debug|Any CPU.Build.0 = Debug|Any CPU
		{3EE8624F-1707-4F49-BF6E-1EC361C2AC7B}.Debug|x64.ActiveCfg = Debug|Any CPU
		{3EE8624F-1707-4F49-BF6E-1EC361C2AC7B}.Debug|x64.Build.0 = Debug|Any CPU
		{3EE8624F-1707-4F49-BF6E-1EC361C2AC7B}.Debug|x86.ActiveCfg = Debug|Any CPU
		{3EE8624F-1707-4F49-BF6E-1EC361C2AC7B}.Debug|x86.Build.0 = Debug|Any CPU
		{3EE8624F-1707-4F49-BF6E-1EC361C2AC7B}.Release|Any CPU.ActiveCfg = Release|Any CPU
		{3EE8624F-1707-4F49-BF6E-1EC361C2AC7B}.Release|Any CPU.Build.0 = Release|Any CPU
		{3EE8624F-1707-4F49-BF6E-1EC361C2AC7B}.Release|x64.ActiveCfg = Release|Any CPU
		{3EE8624F-1707-4F49-BF6E-1EC361C2AC7B}.Release|x64.Build.0 = Release|Any CPU
		{3EE8624F-1707-4F49-BF6E-1EC361C2AC7B}.Release|x86.ActiveCfg = Release|Any CPU
		{3EE8624F-1707-4F49-BF6E-1EC361C2AC7B}.Release|x86.Build.0 = Release|Any CPU
		{B978950C-CB04-4F70-BF10-DDE1AE83CA05}.Debug|Any CPU.ActiveCfg = Debug|Any CPU
		{B978950C-CB04-4F70-BF10-DDE1AE83CA05}.Debug|Any CPU.Build.0 = Debug|Any CPU
		{B978950C-CB04-4F70-BF10-DDE1AE83CA05}.Debug|x64.ActiveCfg = Debug|Any CPU
		{B978950C-CB04-4F70-BF10-DDE1AE83CA05}.Debug|x64.Build.0 = Debug|Any CPU
		{B978950C-CB04-4F70-BF10-DDE1AE83CA05}.Debug|x86.ActiveCfg = Debug|Any CPU
		{B978950C-CB04-4F70-BF10-DDE1AE83CA05}.Debug|x86.Build.0 = Debug|Any CPU
		{B978950C-CB04-4F70-BF10-DDE1AE83CA05}.Release|Any CPU.ActiveCfg = Release|Any CPU
		{B978950C-CB04-4F70-BF10-DDE1AE83CA05}.Release|Any CPU.Build.0 = Release|Any CPU
		{B978950C-CB04-4F70-BF10-DDE1AE83CA05}.Release|x64.ActiveCfg = Release|Any CPU
		{B978950C-CB04-4F70-BF10-DDE1AE83CA05}.Release|x64.Build.0 = Release|Any CPU
		{B978950C-CB04-4F70-BF10-DDE1AE83CA05}.Release|x86.ActiveCfg = Release|Any CPU
		{B978950C-CB04-4F70-BF10-DDE1AE83CA05}.Release|x86.Build.0 = Release|Any CPU
		{CC899ACD-E1A8-406C-AF70-22A6FE5228A0}.Debug|Any CPU.ActiveCfg = Debug|Any CPU
		{CC899ACD-E1A8-406C-AF70-22A6FE5228A0}.Debug|Any CPU.Build.0 = Debug|Any CPU
		{CC899ACD-E1A8-406C-AF70-22A6FE5228A0}.Debug|x64.ActiveCfg = Debug|Any CPU
		{CC899ACD-E1A8-406C-AF70-22A6FE5228A0}.Debug|x64.Build.0 = Debug|Any CPU
		{CC899ACD-E1A8-406C-AF70-22A6FE5228A0}.Debug|x86.ActiveCfg = Debug|Any CPU
		{CC899ACD-E1A8-406C-AF70-22A6FE5228A0}.Debug|x86.Build.0 = Debug|Any CPU
		{CC899ACD-E1A8-406C-AF70-22A6FE5228A0}.Release|Any CPU.ActiveCfg = Release|Any CPU
		{CC899ACD-E1A8-406C-AF70-22A6FE5228A0}.Release|Any CPU.Build.0 = Release|Any CPU
		{CC899ACD-E1A8-406C-AF70-22A6FE5228A0}.Release|x64.ActiveCfg = Release|Any CPU
		{CC899ACD-E1A8-406C-AF70-22A6FE5228A0}.Release|x64.Build.0 = Release|Any CPU
		{CC899ACD-E1A8-406C-AF70-22A6FE5228A0}.Release|x86.ActiveCfg = Release|Any CPU
		{CC899ACD-E1A8-406C-AF70-22A6FE5228A0}.Release|x86.Build.0 = Release|Any CPU
		{5CB6E39A-BD21-4819-B2A2-5F2456B726FB}.Debug|Any CPU.ActiveCfg = Debug|Any CPU
		{5CB6E39A-BD21-4819-B2A2-5F2456B726FB}.Debug|Any CPU.Build.0 = Debug|Any CPU
		{5CB6E39A-BD21-4819-B2A2-5F2456B726FB}.Debug|x64.ActiveCfg = Debug|Any CPU
		{5CB6E39A-BD21-4819-B2A2-5F2456B726FB}.Debug|x64.Build.0 = Debug|Any CPU
		{5CB6E39A-BD21-4819-B2A2-5F2456B726FB}.Debug|x86.ActiveCfg = Debug|Any CPU
		{5CB6E39A-BD21-4819-B2A2-5F2456B726FB}.Debug|x86.Build.0 = Debug|Any CPU
		{5CB6E39A-BD21-4819-B2A2-5F2456B726FB}.Release|Any CPU.ActiveCfg = Release|Any CPU
		{5CB6E39A-BD21-4819-B2A2-5F2456B726FB}.Release|Any CPU.Build.0 = Release|Any CPU
		{5CB6E39A-BD21-4819-B2A2-5F2456B726FB}.Release|x64.ActiveCfg = Release|Any CPU
		{5CB6E39A-BD21-4819-B2A2-5F2456B726FB}.Release|x64.Build.0 = Release|Any CPU
		{5CB6E39A-BD21-4819-B2A2-5F2456B726FB}.Release|x86.ActiveCfg = Release|Any CPU
		{5CB6E39A-BD21-4819-B2A2-5F2456B726FB}.Release|x86.Build.0 = Release|Any CPU
		{19BA0777-B414-4C19-9E73-47D6B1B78AF8}.Debug|Any CPU.ActiveCfg = Debug|Any CPU
		{19BA0777-B414-4C19-9E73-47D6B1B78AF8}.Debug|Any CPU.Build.0 = Debug|Any CPU
		{19BA0777-B414-4C19-9E73-47D6B1B78AF8}.Debug|x64.ActiveCfg = Debug|Any CPU
		{19BA0777-B414-4C19-9E73-47D6B1B78AF8}.Debug|x64.Build.0 = Debug|Any CPU
		{19BA0777-B414-4C19-9E73-47D6B1B78AF8}.Debug|x86.ActiveCfg = Debug|Any CPU
		{19BA0777-B414-4C19-9E73-47D6B1B78AF8}.Debug|x86.Build.0 = Debug|Any CPU
		{19BA0777-B414-4C19-9E73-47D6B1B78AF8}.Release|Any CPU.ActiveCfg = Release|Any CPU
		{19BA0777-B414-4C19-9E73-47D6B1B78AF8}.Release|Any CPU.Build.0 = Release|Any CPU
		{19BA0777-B414-4C19-9E73-47D6B1B78AF8}.Release|x64.ActiveCfg = Release|Any CPU
		{19BA0777-B414-4C19-9E73-47D6B1B78AF8}.Release|x64.Build.0 = Release|Any CPU
		{19BA0777-B414-4C19-9E73-47D6B1B78AF8}.Release|x86.ActiveCfg = Release|Any CPU
		{19BA0777-B414-4C19-9E73-47D6B1B78AF8}.Release|x86.Build.0 = Release|Any CPU
		{20AD7165-2226-41E1-B0E7-50C39D652008}.Debug|Any CPU.ActiveCfg = Debug|Any CPU
		{20AD7165-2226-41E1-B0E7-50C39D652008}.Debug|Any CPU.Build.0 = Debug|Any CPU
		{20AD7165-2226-41E1-B0E7-50C39D652008}.Debug|x64.ActiveCfg = Debug|Any CPU
		{20AD7165-2226-41E1-B0E7-50C39D652008}.Debug|x64.Build.0 = Debug|Any CPU
		{20AD7165-2226-41E1-B0E7-50C39D652008}.Debug|x86.ActiveCfg = Debug|Any CPU
		{20AD7165-2226-41E1-B0E7-50C39D652008}.Debug|x86.Build.0 = Debug|Any CPU
		{20AD7165-2226-41E1-B0E7-50C39D652008}.Release|Any CPU.ActiveCfg = Release|Any CPU
		{20AD7165-2226-41E1-B0E7-50C39D652008}.Release|Any CPU.Build.0 = Release|Any CPU
		{20AD7165-2226-41E1-B0E7-50C39D652008}.Release|x64.ActiveCfg = Release|Any CPU
		{20AD7165-2226-41E1-B0E7-50C39D652008}.Release|x64.Build.0 = Release|Any CPU
		{20AD7165-2226-41E1-B0E7-50C39D652008}.Release|x86.ActiveCfg = Release|Any CPU
		{20AD7165-2226-41E1-B0E7-50C39D652008}.Release|x86.Build.0 = Release|Any CPU
	EndGlobalSection
	GlobalSection(SolutionProperties) = preSolution
		HideSolutionNode = FALSE
	EndGlobalSection
	GlobalSection(NestedProjects) = preSolution
		{AF109F5B-F448-4EAD-902C-58D9BCAD762F} = {FBB77DFA-AA5F-4150-A566-A41D45E35630}
		{05A55F19-86EE-46A1-875A-15BBFE31A4AB} = {FBB77DFA-AA5F-4150-A566-A41D45E35630}
		{33E151CC-B3EC-4636-8971-927A1BF595B8} = {094C7162-5575-4781-A174-116E78B5B04B}
		{964752A6-16DA-4755-8351-D2CE5FC087A6} = {094C7162-5575-4781-A174-116E78B5B04B}
		{47AB922C-0AEE-4B5A-AE12-FFF3B8B3F503} = {094C7162-5575-4781-A174-116E78B5B04B}
		{3FD6E759-A608-461F-807A-93F9F5D2EE06} = {094C7162-5575-4781-A174-116E78B5B04B}
		{3EE8624F-1707-4F49-BF6E-1EC361C2AC7B} = {094C7162-5575-4781-A174-116E78B5B04B}
		{B978950C-CB04-4F70-BF10-DDE1AE83CA05} = {094C7162-5575-4781-A174-116E78B5B04B}
		{CC899ACD-E1A8-406C-AF70-22A6FE5228A0} = {094C7162-5575-4781-A174-116E78B5B04B}
		{5CB6E39A-BD21-4819-B2A2-5F2456B726FB} = {094C7162-5575-4781-A174-116E78B5B04B}
		{19BA0777-B414-4C19-9E73-47D6B1B78AF8} = {094C7162-5575-4781-A174-116E78B5B04B}
		{20AD7165-2226-41E1-B0E7-50C39D652008} = {094C7162-5575-4781-A174-116E78B5B04B}
	EndGlobalSection
	GlobalSection(ExtensibilityGlobals) = postSolution
		SolutionGuid = {70BCA3AD-C46B-45A2-A847-960793B49531}
	EndGlobalSection
EndGlobal
