
Microsoft Visual Studio Solution File, Format Version 12.00
# Visual Studio 15
VisualStudioVersion = 15.0.27703.2035
MinimumVisualStudioVersion = 10.0.40219.1
Project("{FAE04EC0-301F-11D3-BF4B-00C04F79EFBC}") = "Arma.Studio", "Arma.Studio\Arma.Studio.csproj", "{AF109F5B-F448-4EAD-902C-58D9BCAD762F}"
EndProject
Project("{FAE04EC0-301F-11D3-BF4B-00C04F79EFBC}") = "Arma.Studio.Data", "Arma.Studio.Data\Arma.Studio.Data.csproj", "{05A55F19-86EE-46A1-875A-15BBFE31A4AB}"
EndProject
Project("{FAE04EC0-301F-11D3-BF4B-00C04F79EFBC}") = "Arma.Studio.UiEditor", "Arma.Studio.UiEditor\Arma.Studio.UiEditor.csproj", "{33E151CC-B3EC-4636-8971-927A1BF595B8}"
EndProject
Global
	GlobalSection(SolutionConfigurationPlatforms) = preSolution
		Debug|Any CPU = Debug|Any CPU
		Release|Any CPU = Release|Any CPU
	EndGlobalSection
	GlobalSection(ProjectConfigurationPlatforms) = postSolution
		{AF109F5B-F448-4EAD-902C-58D9BCAD762F}.Debug|Any CPU.ActiveCfg = Debug|Any CPU
		{AF109F5B-F448-4EAD-902C-58D9BCAD762F}.Debug|Any CPU.Build.0 = Debug|Any CPU
		{AF109F5B-F448-4EAD-902C-58D9BCAD762F}.Release|Any CPU.ActiveCfg = Release|Any CPU
		{AF109F5B-F448-4EAD-902C-58D9BCAD762F}.Release|Any CPU.Build.0 = Release|Any CPU
		{05A55F19-86EE-46A1-875A-15BBFE31A4AB}.Debug|Any CPU.ActiveCfg = Debug|Any CPU
		{05A55F19-86EE-46A1-875A-15BBFE31A4AB}.Debug|Any CPU.Build.0 = Debug|Any CPU
		{05A55F19-86EE-46A1-875A-15BBFE31A4AB}.Release|Any CPU.ActiveCfg = Release|Any CPU
		{05A55F19-86EE-46A1-875A-15BBFE31A4AB}.Release|Any CPU.Build.0 = Release|Any CPU
		{33E151CC-B3EC-4636-8971-927A1BF595B8}.Debug|Any CPU.ActiveCfg = Debug|Any CPU
		{33E151CC-B3EC-4636-8971-927A1BF595B8}.Debug|Any CPU.Build.0 = Debug|Any CPU
		{33E151CC-B3EC-4636-8971-927A1BF595B8}.Release|Any CPU.ActiveCfg = Release|Any CPU
		{33E151CC-B3EC-4636-8971-927A1BF595B8}.Release|Any CPU.Build.0 = Release|Any CPU
	EndGlobalSection
	GlobalSection(SolutionProperties) = preSolution
		HideSolutionNode = FALSE
	EndGlobalSection
	GlobalSection(ExtensibilityGlobals) = postSolution
		SolutionGuid = {70BCA3AD-C46B-45A2-A847-960793B49531}
	EndGlobalSection
EndGlobal
